
Microsoft Visual Studio Solution File, Format Version 12.00
# Visual Studio 15
VisualStudioVersion = 15.0.28307.168
MinimumVisualStudioVersion = 10.0.40219.1
Project("{FAE04EC0-301F-11D3-BF4B-00C04F79EFBC}") = "valueVSreferencies", "valueVSreferencies\valueVSreferencies.csproj", "{2B1C7F02-A894-4C47-AD7B-9A8CE8F568B4}"
EndProject
Global
	GlobalSection(SolutionConfigurationPlatforms) = preSolution
		Debug|Any CPU = Debug|Any CPU
		Release|Any CPU = Release|Any CPU
	EndGlobalSection
	GlobalSection(ProjectConfigurationPlatforms) = postSolution
		{2B1C7F02-A894-4C47-AD7B-9A8CE8F568B4}.Debug|Any CPU.ActiveCfg = Debug|Any CPU
		{2B1C7F02-A894-4C47-AD7B-9A8CE8F568B4}.Debug|Any CPU.Build.0 = Debug|Any CPU
		{2B1C7F02-A894-4C47-AD7B-9A8CE8F568B4}.Release|Any CPU.ActiveCfg = Release|Any CPU
		{2B1C7F02-A894-4C47-AD7B-9A8CE8F568B4}.Release|Any CPU.Build.0 = Release|Any CPU
	EndGlobalSection
	GlobalSection(SolutionProperties) = preSolution
		HideSolutionNode = FALSE
	EndGlobalSection
	GlobalSection(ExtensibilityGlobals) = postSolution
		SolutionGuid = {33820F92-9B32-4D7D-A03A-1F53009FBC14}
	EndGlobalSection
EndGlobal
